
Microsoft Visual Studio Solution File, Format Version 12.00
# Visual Studio Version 17
VisualStudioVersion = 17.3.32819.101
MinimumVisualStudioVersion = 10.0.40219.1
Project("{FAE04EC0-301F-11D3-BF4B-00C04F79EFBC}") = "Unit_Test_2_10", "Unit_Test_2_10.csproj", "{C65DE032-0A3D-44A8-8557-B28548C522B0}"
EndProject
Global
	GlobalSection(SolutionConfigurationPlatforms) = preSolution
		Debug|Any CPU = Debug|Any CPU
		Release|Any CPU = Release|Any CPU
	EndGlobalSection
	GlobalSection(ProjectConfigurationPlatforms) = postSolution
		{C65DE032-0A3D-44A8-8557-B28548C522B0}.Debug|Any CPU.ActiveCfg = Debug|Any CPU
		{C65DE032-0A3D-44A8-8557-B28548C522B0}.Debug|Any CPU.Build.0 = Debug|Any CPU
		{C65DE032-0A3D-44A8-8557-B28548C522B0}.Release|Any CPU.ActiveCfg = Release|Any CPU
		{C65DE032-0A3D-44A8-8557-B28548C522B0}.Release|Any CPU.Build.0 = Release|Any CPU
	EndGlobalSection
	GlobalSection(SolutionProperties) = preSolution
		HideSolutionNode = FALSE
	EndGlobalSection
	GlobalSection(ExtensibilityGlobals) = postSolution
		SolutionGuid = {536BFCE8-1D2C-4B49-9C76-5617F2CF92DE}
	EndGlobalSection
EndGlobal
