
Microsoft Visual Studio Solution File, Format Version 12.00
# Visual Studio Version 17
VisualStudioVersion = 17.3.32819.101
MinimumVisualStudioVersion = 10.0.40219.1
Project("{FAE04EC0-301F-11D3-BF4B-00C04F79EFBC}") = "Unit Test 1_2", "Unit Test 1_2.csproj", "{019E26E3-C3C3-4380-AF77-6EA5A0A2D26A}"
EndProject
Global
	GlobalSection(SolutionConfigurationPlatforms) = preSolution
		Debug|Any CPU = Debug|Any CPU
		Release|Any CPU = Release|Any CPU
	EndGlobalSection
	GlobalSection(ProjectConfigurationPlatforms) = postSolution
		{019E26E3-C3C3-4380-AF77-6EA5A0A2D26A}.Debug|Any CPU.ActiveCfg = Debug|Any CPU
		{019E26E3-C3C3-4380-AF77-6EA5A0A2D26A}.Debug|Any CPU.Build.0 = Debug|Any CPU
		{019E26E3-C3C3-4380-AF77-6EA5A0A2D26A}.Release|Any CPU.ActiveCfg = Release|Any CPU
		{019E26E3-C3C3-4380-AF77-6EA5A0A2D26A}.Release|Any CPU.Build.0 = Release|Any CPU
	EndGlobalSection
	GlobalSection(SolutionProperties) = preSolution
		HideSolutionNode = FALSE
	EndGlobalSection
	GlobalSection(ExtensibilityGlobals) = postSolution
		SolutionGuid = {42ACFB5A-8C7C-4EB2-BE23-42A61EEF8212}
	EndGlobalSection
EndGlobal
