
Microsoft Visual Studio Solution File, Format Version 12.00
# Visual Studio Version 17
VisualStudioVersion = 17.4.33110.190
MinimumVisualStudioVersion = 10.0.40219.1
Project("{FAE04EC0-301F-11D3-BF4B-00C04F79EFBC}") = "FinalExam_3", "FinalExam_3.csproj", "{931D0BF7-8E0D-4C19-947F-168E6B1D4578}"
EndProject
Global
	GlobalSection(SolutionConfigurationPlatforms) = preSolution
		Debug|Any CPU = Debug|Any CPU
		Release|Any CPU = Release|Any CPU
	EndGlobalSection
	GlobalSection(ProjectConfigurationPlatforms) = postSolution
		{931D0BF7-8E0D-4C19-947F-168E6B1D4578}.Debug|Any CPU.ActiveCfg = Debug|Any CPU
		{931D0BF7-8E0D-4C19-947F-168E6B1D4578}.Debug|Any CPU.Build.0 = Debug|Any CPU
		{931D0BF7-8E0D-4C19-947F-168E6B1D4578}.Release|Any CPU.ActiveCfg = Release|Any CPU
		{931D0BF7-8E0D-4C19-947F-168E6B1D4578}.Release|Any CPU.Build.0 = Release|Any CPU
	EndGlobalSection
	GlobalSection(SolutionProperties) = preSolution
		HideSolutionNode = FALSE
	EndGlobalSection
	GlobalSection(ExtensibilityGlobals) = postSolution
		SolutionGuid = {08185545-1822-4414-8CA5-DEF690EF808D}
	EndGlobalSection
EndGlobal
