
Microsoft Visual Studio Solution File, Format Version 12.00
# Visual Studio Version 17
VisualStudioVersion = 17.3.32819.101
MinimumVisualStudioVersion = 10.0.40219.1
Project("{FAE04EC0-301F-11D3-BF4B-00C04F79EFBC}") = "PE8  Part 2 - Sillletto", "PE8  Part 2 - Sillletto.csproj", "{60B5E240-3A39-43CD-9699-117A98E2A99B}"
EndProject
Global
	GlobalSection(SolutionConfigurationPlatforms) = preSolution
		Debug|Any CPU = Debug|Any CPU
		Release|Any CPU = Release|Any CPU
	EndGlobalSection
	GlobalSection(ProjectConfigurationPlatforms) = postSolution
		{60B5E240-3A39-43CD-9699-117A98E2A99B}.Debug|Any CPU.ActiveCfg = Debug|Any CPU
		{60B5E240-3A39-43CD-9699-117A98E2A99B}.Debug|Any CPU.Build.0 = Debug|Any CPU
		{60B5E240-3A39-43CD-9699-117A98E2A99B}.Release|Any CPU.ActiveCfg = Release|Any CPU
		{60B5E240-3A39-43CD-9699-117A98E2A99B}.Release|Any CPU.Build.0 = Release|Any CPU
	EndGlobalSection
	GlobalSection(SolutionProperties) = preSolution
		HideSolutionNode = FALSE
	EndGlobalSection
	GlobalSection(ExtensibilityGlobals) = postSolution
		SolutionGuid = {EDD4B1A6-5114-4E75-AAE5-A83E0D35D3A9}
	EndGlobalSection
EndGlobal
